# Generated by pub
# See https://dart.dev/tools/pub/glossary#lockfile
packages:
  async:
    dependency: transitive
    description:
      name: async
<<<<<<< HEAD
      url: "https://pub.flutter-io.cn"
=======
      url: "https://mirrors.tuna.tsinghua.edu.cn/dart-pub/"
>>>>>>> 6bc1d63a0c38a21752fff1013a343a0681156c07
    source: hosted
    version: "2.9.0"
  boolean_selector:
    dependency: transitive
    description:
      name: boolean_selector
<<<<<<< HEAD
      url: "https://pub.flutter-io.cn"
=======
      url: "https://mirrors.tuna.tsinghua.edu.cn/dart-pub/"
>>>>>>> 6bc1d63a0c38a21752fff1013a343a0681156c07
    source: hosted
    version: "2.1.0"
  cached_network_image:
    dependency: "direct main"
    description:
      name: cached_network_image
      url: "https://pub.flutter-io.cn"
    source: hosted
    version: "3.2.2"
  cached_network_image_platform_interface:
    dependency: transitive
    description:
      name: cached_network_image_platform_interface
      url: "https://pub.flutter-io.cn"
    source: hosted
    version: "2.0.0"
  cached_network_image_web:
    dependency: transitive
    description:
      name: cached_network_image_web
      url: "https://pub.flutter-io.cn"
    source: hosted
    version: "1.0.2"
  characters:
    dependency: transitive
    description:
      name: characters
<<<<<<< HEAD
      url: "https://pub.flutter-io.cn"
=======
      url: "https://mirrors.tuna.tsinghua.edu.cn/dart-pub/"
>>>>>>> 6bc1d63a0c38a21752fff1013a343a0681156c07
    source: hosted
    version: "1.2.1"
  clock:
    dependency: transitive
    description:
      name: clock
<<<<<<< HEAD
      url: "https://pub.flutter-io.cn"
=======
      url: "https://mirrors.tuna.tsinghua.edu.cn/dart-pub/"
>>>>>>> 6bc1d63a0c38a21752fff1013a343a0681156c07
    source: hosted
    version: "1.1.1"
  collection:
    dependency: transitive
    description:
      name: collection
<<<<<<< HEAD
      url: "https://pub.flutter-io.cn"
=======
      url: "https://mirrors.tuna.tsinghua.edu.cn/dart-pub/"
>>>>>>> 6bc1d63a0c38a21752fff1013a343a0681156c07
    source: hosted
    version: "1.16.0"
  crypto:
    dependency: transitive
    description:
      name: crypto
<<<<<<< HEAD
      url: "https://pub.flutter-io.cn"
=======
      url: "https://mirrors.tuna.tsinghua.edu.cn/dart-pub/"
>>>>>>> 6bc1d63a0c38a21752fff1013a343a0681156c07
    source: hosted
    version: "3.0.2"
  cupertino_icons:
    dependency: "direct main"
    description:
      name: cupertino_icons
<<<<<<< HEAD
      url: "https://pub.flutter-io.cn"
=======
      url: "https://mirrors.tuna.tsinghua.edu.cn/dart-pub/"
>>>>>>> 6bc1d63a0c38a21752fff1013a343a0681156c07
    source: hosted
    version: "1.0.5"
  fake_async:
    dependency: transitive
    description:
      name: fake_async
<<<<<<< HEAD
      url: "https://pub.flutter-io.cn"
=======
      url: "https://mirrors.tuna.tsinghua.edu.cn/dart-pub/"
>>>>>>> 6bc1d63a0c38a21752fff1013a343a0681156c07
    source: hosted
    version: "1.3.1"
  ffi:
    dependency: transitive
    description:
      name: ffi
      url: "https://pub.flutter-io.cn"
    source: hosted
    version: "2.0.1"
  file:
    dependency: transitive
    description:
      name: file
      url: "https://pub.flutter-io.cn"
    source: hosted
    version: "6.1.4"
  flutter:
    dependency: "direct main"
    description: flutter
    source: sdk
    version: "0.0.0"
  flutter_blurhash:
    dependency: transitive
    description:
      name: flutter_blurhash
      url: "https://pub.flutter-io.cn"
    source: hosted
    version: "0.7.0"
  flutter_cache_manager:
    dependency: transitive
    description:
      name: flutter_cache_manager
      url: "https://pub.flutter-io.cn"
    source: hosted
    version: "3.3.0"
  flutter_lints:
    dependency: "direct dev"
    description:
      name: flutter_lints
<<<<<<< HEAD
      url: "https://pub.flutter-io.cn"
=======
      url: "https://mirrors.tuna.tsinghua.edu.cn/dart-pub/"
>>>>>>> 6bc1d63a0c38a21752fff1013a343a0681156c07
    source: hosted
    version: "2.0.1"
  flutter_test:
    dependency: "direct dev"
    description: flutter
    source: sdk
    version: "0.0.0"
<<<<<<< HEAD
  http:
    dependency: transitive
    description:
      name: http
      url: "https://pub.flutter-io.cn"
    source: hosted
    version: "0.13.5"
  http_parser:
    dependency: transitive
    description:
      name: http_parser
      url: "https://pub.flutter-io.cn"
    source: hosted
    version: "4.0.2"
=======
  js:
    dependency: transitive
    description:
      name: js
      url: "https://mirrors.tuna.tsinghua.edu.cn/dart-pub/"
    source: hosted
    version: "0.6.5"
>>>>>>> 6bc1d63a0c38a21752fff1013a343a0681156c07
  lints:
    dependency: transitive
    description:
      name: lints
<<<<<<< HEAD
      url: "https://pub.flutter-io.cn"
    source: hosted
    version: "2.0.1"
=======
      url: "https://mirrors.tuna.tsinghua.edu.cn/dart-pub/"
    source: hosted
    version: "2.0.1"
  logging:
    dependency: transitive
    description:
      name: logging
      url: "https://mirrors.tuna.tsinghua.edu.cn/dart-pub/"
    source: hosted
    version: "1.1.0"
>>>>>>> 6bc1d63a0c38a21752fff1013a343a0681156c07
  matcher:
    dependency: transitive
    description:
      name: matcher
<<<<<<< HEAD
      url: "https://pub.flutter-io.cn"
=======
      url: "https://mirrors.tuna.tsinghua.edu.cn/dart-pub/"
>>>>>>> 6bc1d63a0c38a21752fff1013a343a0681156c07
    source: hosted
    version: "0.12.12"
  material_color_utilities:
    dependency: transitive
    description:
      name: material_color_utilities
<<<<<<< HEAD
      url: "https://pub.flutter-io.cn"
=======
      url: "https://mirrors.tuna.tsinghua.edu.cn/dart-pub/"
>>>>>>> 6bc1d63a0c38a21752fff1013a343a0681156c07
    source: hosted
    version: "0.1.5"
  meta:
    dependency: transitive
    description:
      name: meta
<<<<<<< HEAD
      url: "https://pub.flutter-io.cn"
=======
      url: "https://mirrors.tuna.tsinghua.edu.cn/dart-pub/"
>>>>>>> 6bc1d63a0c38a21752fff1013a343a0681156c07
    source: hosted
    version: "1.8.0"
  octo_image:
    dependency: transitive
    description:
      name: octo_image
      url: "https://pub.flutter-io.cn"
    source: hosted
    version: "1.0.2"
  path:
    dependency: transitive
    description:
      name: path
<<<<<<< HEAD
      url: "https://pub.flutter-io.cn"
    source: hosted
    version: "1.8.2"
  path_provider:
    dependency: transitive
    description:
      name: path_provider
      url: "https://pub.flutter-io.cn"
    source: hosted
    version: "2.0.11"
  path_provider_android:
    dependency: transitive
    description:
      name: path_provider_android
      url: "https://pub.flutter-io.cn"
    source: hosted
    version: "2.0.21"
  path_provider_ios:
    dependency: transitive
    description:
      name: path_provider_ios
      url: "https://pub.flutter-io.cn"
    source: hosted
    version: "2.0.11"
  path_provider_linux:
    dependency: transitive
    description:
      name: path_provider_linux
      url: "https://pub.flutter-io.cn"
    source: hosted
    version: "2.1.7"
  path_provider_macos:
    dependency: transitive
    description:
      name: path_provider_macos
      url: "https://pub.flutter-io.cn"
    source: hosted
    version: "2.0.6"
  path_provider_platform_interface:
    dependency: transitive
    description:
      name: path_provider_platform_interface
      url: "https://pub.flutter-io.cn"
    source: hosted
    version: "2.0.5"
  path_provider_windows:
    dependency: transitive
    description:
      name: path_provider_windows
      url: "https://pub.flutter-io.cn"
    source: hosted
    version: "2.1.3"
  pedantic:
    dependency: transitive
    description:
      name: pedantic
      url: "https://pub.flutter-io.cn"
    source: hosted
    version: "1.11.1"
  platform:
    dependency: transitive
    description:
      name: platform
      url: "https://pub.flutter-io.cn"
    source: hosted
    version: "3.1.0"
  plugin_platform_interface:
    dependency: transitive
    description:
      name: plugin_platform_interface
      url: "https://pub.flutter-io.cn"
    source: hosted
    version: "2.1.3"
  process:
    dependency: transitive
    description:
      name: process
      url: "https://pub.flutter-io.cn"
    source: hosted
    version: "4.2.4"
  rxdart:
    dependency: transitive
    description:
      name: rxdart
      url: "https://pub.flutter-io.cn"
    source: hosted
    version: "0.27.7"
=======
      url: "https://mirrors.tuna.tsinghua.edu.cn/dart-pub/"
    source: hosted
    version: "1.8.2"
  shake_animation_widget:
    dependency: "direct main"
    description:
      name: shake_animation_widget
      url: "https://mirrors.tuna.tsinghua.edu.cn/dart-pub/"
    source: hosted
    version: "3.0.3"
>>>>>>> 6bc1d63a0c38a21752fff1013a343a0681156c07
  sky_engine:
    dependency: transitive
    description: flutter
    source: sdk
    version: "0.0.99"
  socket_io_client:
    dependency: "direct main"
    description:
      name: socket_io_client
      url: "https://mirrors.tuna.tsinghua.edu.cn/dart-pub/"
    source: hosted
    version: "2.0.0"
  socket_io_common:
    dependency: transitive
    description:
      name: socket_io_common
      url: "https://mirrors.tuna.tsinghua.edu.cn/dart-pub/"
    source: hosted
    version: "2.0.2"
  source_span:
    dependency: transitive
    description:
      name: source_span
<<<<<<< HEAD
      url: "https://pub.flutter-io.cn"
=======
      url: "https://mirrors.tuna.tsinghua.edu.cn/dart-pub/"
>>>>>>> 6bc1d63a0c38a21752fff1013a343a0681156c07
    source: hosted
    version: "1.9.0"
  sqflite:
    dependency: transitive
    description:
      name: sqflite
      url: "https://pub.flutter-io.cn"
    source: hosted
    version: "2.2.0+3"
  sqflite_common:
    dependency: transitive
    description:
      name: sqflite_common
      url: "https://pub.flutter-io.cn"
    source: hosted
    version: "2.4.0+2"
  stack_trace:
    dependency: transitive
    description:
      name: stack_trace
<<<<<<< HEAD
      url: "https://pub.flutter-io.cn"
=======
      url: "https://mirrors.tuna.tsinghua.edu.cn/dart-pub/"
>>>>>>> 6bc1d63a0c38a21752fff1013a343a0681156c07
    source: hosted
    version: "1.10.0"
  stream_channel:
    dependency: transitive
    description:
      name: stream_channel
<<<<<<< HEAD
      url: "https://pub.flutter-io.cn"
=======
      url: "https://mirrors.tuna.tsinghua.edu.cn/dart-pub/"
>>>>>>> 6bc1d63a0c38a21752fff1013a343a0681156c07
    source: hosted
    version: "2.1.0"
  string_scanner:
    dependency: transitive
    description:
      name: string_scanner
<<<<<<< HEAD
      url: "https://pub.flutter-io.cn"
=======
      url: "https://mirrors.tuna.tsinghua.edu.cn/dart-pub/"
>>>>>>> 6bc1d63a0c38a21752fff1013a343a0681156c07
    source: hosted
    version: "1.1.1"
  synchronized:
    dependency: transitive
    description:
      name: synchronized
      url: "https://pub.flutter-io.cn"
    source: hosted
    version: "3.0.0+3"
  term_glyph:
    dependency: transitive
    description:
      name: term_glyph
<<<<<<< HEAD
      url: "https://pub.flutter-io.cn"
=======
      url: "https://mirrors.tuna.tsinghua.edu.cn/dart-pub/"
>>>>>>> 6bc1d63a0c38a21752fff1013a343a0681156c07
    source: hosted
    version: "1.2.1"
  test_api:
    dependency: transitive
    description:
      name: test_api
<<<<<<< HEAD
      url: "https://pub.flutter-io.cn"
=======
      url: "https://mirrors.tuna.tsinghua.edu.cn/dart-pub/"
>>>>>>> 6bc1d63a0c38a21752fff1013a343a0681156c07
    source: hosted
    version: "0.4.12"
  typed_data:
    dependency: transitive
    description:
      name: typed_data
<<<<<<< HEAD
      url: "https://pub.flutter-io.cn"
    source: hosted
    version: "1.3.1"
  uuid:
    dependency: transitive
    description:
      name: uuid
      url: "https://pub.flutter-io.cn"
    source: hosted
    version: "3.0.7"
=======
      url: "https://mirrors.tuna.tsinghua.edu.cn/dart-pub/"
    source: hosted
    version: "1.3.1"
>>>>>>> 6bc1d63a0c38a21752fff1013a343a0681156c07
  vector_math:
    dependency: transitive
    description:
      name: vector_math
<<<<<<< HEAD
      url: "https://pub.flutter-io.cn"
    source: hosted
    version: "2.1.2"
  win32:
    dependency: transitive
    description:
      name: win32
      url: "https://pub.flutter-io.cn"
    source: hosted
    version: "3.1.1"
  xdg_directories:
    dependency: transitive
    description:
      name: xdg_directories
      url: "https://pub.flutter-io.cn"
    source: hosted
    version: "0.2.0+2"
sdks:
  dart: ">=2.18.1 <3.0.0"
  flutter: ">=3.3.0"
=======
      url: "https://mirrors.tuna.tsinghua.edu.cn/dart-pub/"
    source: hosted
    version: "2.1.2"
  web_socket_channel:
    dependency: "direct main"
    description:
      name: web_socket_channel
      url: "https://mirrors.tuna.tsinghua.edu.cn/dart-pub/"
    source: hosted
    version: "2.2.0"
sdks:
  dart: ">=2.18.1 <3.0.0"
  flutter: ">=2.5.0"
>>>>>>> 6bc1d63a0c38a21752fff1013a343a0681156c07
